
Microsoft Visual Studio Solution File, Format Version 12.00
# Visual Studio 15
Project("{FAE04EC0-301F-11D3-BF4B-00C04F79EFBC}") = "Portfolio", "Portfolio\Portfolio.csproj", "{130904CC-8AC9-4C04-9EFA-1F68A0299448}"
EndProject
Project("{FAE04EC0-301F-11D3-BF4B-00C04F79EFBC}") = "Portfolio.Tests", "Portfolio.Tests\Portfolio.Tests.csproj", "{6BE12925-E2DD-44AA-B9B0-D223AF78F3FD}"
EndProject
Global
	GlobalSection(SolutionConfigurationPlatforms) = preSolution
		Debug|Any CPU = Debug|Any CPU
		Release|Any CPU = Release|Any CPU
	EndGlobalSection
	GlobalSection(ProjectConfigurationPlatforms) = postSolution
		{130904CC-8AC9-4C04-9EFA-1F68A0299448}.Debug|Any CPU.ActiveCfg = Debug|Any CPU
		{130904CC-8AC9-4C04-9EFA-1F68A0299448}.Debug|Any CPU.Build.0 = Debug|Any CPU
		{130904CC-8AC9-4C04-9EFA-1F68A0299448}.Release|Any CPU.ActiveCfg = Release|Any CPU
		{130904CC-8AC9-4C04-9EFA-1F68A0299448}.Release|Any CPU.Build.0 = Release|Any CPU
		{6BE12925-E2DD-44AA-B9B0-D223AF78F3FD}.Debug|Any CPU.ActiveCfg = Debug|Any CPU
		{6BE12925-E2DD-44AA-B9B0-D223AF78F3FD}.Debug|Any CPU.Build.0 = Debug|Any CPU
		{6BE12925-E2DD-44AA-B9B0-D223AF78F3FD}.Release|Any CPU.ActiveCfg = Release|Any CPU
		{6BE12925-E2DD-44AA-B9B0-D223AF78F3FD}.Release|Any CPU.Build.0 = Release|Any CPU
	EndGlobalSection
EndGlobal
